
Microsoft Visual Studio Solution File, Format Version 12.00
# Visual Studio Version 17
VisualStudioVersion = 17.7.34202.233
MinimumVisualStudioVersion = 10.0.40219.1
Project("{9A19103F-16F7-4668-BE54-9A1E7A4F7556}") = "Commons", "src\Commons\Commons.csproj", "{4D05E7BF-5211-4C8A-BAF9-2F730E0E3FFA}"
EndProject
Project("{2150E333-8FDC-42A3-9474-1A3956D46DE8}") = "Solution items", "Solution items", "{6104A7C4-DEB8-4F4A-9624-B8FCCD9D48B8}"
	ProjectSection(SolutionItems) = preProject
		README.md = README.md
		TODO.md = TODO.md
	EndProjectSection
EndProject
Project("{9A19103F-16F7-4668-BE54-9A1E7A4F7556}") = "AspNetCore", "src\AspNetCore\AspNetCore.csproj", "{B2BBAA75-62D8-481F-A934-88C853E60A62}"
EndProject
Project("{9A19103F-16F7-4668-BE54-9A1E7A4F7556}") = "Abstractions", "src\Abstractions\Abstractions.csproj", "{576E1D7F-785B-42C2-A71B-ADF2653A9906}"
EndProject
Project("{9A19103F-16F7-4668-BE54-9A1E7A4F7556}") = "Dtos", "src\Dtos\Dtos.csproj", "{A99B8CE2-070A-47EA-BCEE-ED0C6CC499F7}"
EndProject
Project("{2150E333-8FDC-42A3-9474-1A3956D46DE8}") = "i18n", "i18n", "{70E94873-A58D-46FD-A4E9-086D6183E25B}"
EndProject
Project("{9A19103F-16F7-4668-BE54-9A1E7A4F7556}") = "i18n", "src\i18n\i18n.csproj", "{8FA17A0A-6445-4BE7-897A-41A57D076F5E}"
EndProject
Project("{9A19103F-16F7-4668-BE54-9A1E7A4F7556}") = "i18n.CLI", "src\i18n.CLI\i18n.CLI.csproj", "{622BE49F-F4F0-4C4A-8C2A-86592D9FDCBA}"
EndProject
Global
	GlobalSection(SolutionConfigurationPlatforms) = preSolution
		Debug|Any CPU = Debug|Any CPU
		Debug|x86 = Debug|x86
		Release|Any CPU = Release|Any CPU
		Release|x86 = Release|x86
	EndGlobalSection
	GlobalSection(ProjectConfigurationPlatforms) = postSolution
		{4D05E7BF-5211-4C8A-BAF9-2F730E0E3FFA}.Debug|Any CPU.ActiveCfg = Debug|Any CPU
		{4D05E7BF-5211-4C8A-BAF9-2F730E0E3FFA}.Debug|Any CPU.Build.0 = Debug|Any CPU
		{4D05E7BF-5211-4C8A-BAF9-2F730E0E3FFA}.Debug|x86.ActiveCfg = Debug|Any CPU
		{4D05E7BF-5211-4C8A-BAF9-2F730E0E3FFA}.Debug|x86.Build.0 = Debug|Any CPU
		{4D05E7BF-5211-4C8A-BAF9-2F730E0E3FFA}.Release|Any CPU.ActiveCfg = Release|Any CPU
		{4D05E7BF-5211-4C8A-BAF9-2F730E0E3FFA}.Release|Any CPU.Build.0 = Release|Any CPU
		{4D05E7BF-5211-4C8A-BAF9-2F730E0E3FFA}.Release|x86.ActiveCfg = Release|Any CPU
		{4D05E7BF-5211-4C8A-BAF9-2F730E0E3FFA}.Release|x86.Build.0 = Release|Any CPU
		{B2BBAA75-62D8-481F-A934-88C853E60A62}.Debug|Any CPU.ActiveCfg = Debug|Any CPU
		{B2BBAA75-62D8-481F-A934-88C853E60A62}.Debug|Any CPU.Build.0 = Debug|Any CPU
		{B2BBAA75-62D8-481F-A934-88C853E60A62}.Debug|x86.ActiveCfg = Debug|Any CPU
		{B2BBAA75-62D8-481F-A934-88C853E60A62}.Debug|x86.Build.0 = Debug|Any CPU
		{B2BBAA75-62D8-481F-A934-88C853E60A62}.Release|Any CPU.ActiveCfg = Release|Any CPU
		{B2BBAA75-62D8-481F-A934-88C853E60A62}.Release|Any CPU.Build.0 = Release|Any CPU
		{B2BBAA75-62D8-481F-A934-88C853E60A62}.Release|x86.ActiveCfg = Release|Any CPU
		{B2BBAA75-62D8-481F-A934-88C853E60A62}.Release|x86.Build.0 = Release|Any CPU
		{576E1D7F-785B-42C2-A71B-ADF2653A9906}.Debug|Any CPU.ActiveCfg = Debug|Any CPU
		{576E1D7F-785B-42C2-A71B-ADF2653A9906}.Debug|Any CPU.Build.0 = Debug|Any CPU
		{576E1D7F-785B-42C2-A71B-ADF2653A9906}.Debug|x86.ActiveCfg = Debug|Any CPU
		{576E1D7F-785B-42C2-A71B-ADF2653A9906}.Debug|x86.Build.0 = Debug|Any CPU
		{576E1D7F-785B-42C2-A71B-ADF2653A9906}.Release|Any CPU.ActiveCfg = Release|Any CPU
		{576E1D7F-785B-42C2-A71B-ADF2653A9906}.Release|Any CPU.Build.0 = Release|Any CPU
		{576E1D7F-785B-42C2-A71B-ADF2653A9906}.Release|x86.ActiveCfg = Release|Any CPU
		{576E1D7F-785B-42C2-A71B-ADF2653A9906}.Release|x86.Build.0 = Release|Any CPU
		{A99B8CE2-070A-47EA-BCEE-ED0C6CC499F7}.Debug|Any CPU.ActiveCfg = Debug|Any CPU
		{A99B8CE2-070A-47EA-BCEE-ED0C6CC499F7}.Debug|Any CPU.Build.0 = Debug|Any CPU
		{A99B8CE2-070A-47EA-BCEE-ED0C6CC499F7}.Debug|x86.ActiveCfg = Debug|Any CPU
		{A99B8CE2-070A-47EA-BCEE-ED0C6CC499F7}.Debug|x86.Build.0 = Debug|Any CPU
		{A99B8CE2-070A-47EA-BCEE-ED0C6CC499F7}.Release|Any CPU.ActiveCfg = Release|Any CPU
		{A99B8CE2-070A-47EA-BCEE-ED0C6CC499F7}.Release|Any CPU.Build.0 = Release|Any CPU
		{A99B8CE2-070A-47EA-BCEE-ED0C6CC499F7}.Release|x86.ActiveCfg = Release|Any CPU
		{A99B8CE2-070A-47EA-BCEE-ED0C6CC499F7}.Release|x86.Build.0 = Release|Any CPU
		{8FA17A0A-6445-4BE7-897A-41A57D076F5E}.Debug|Any CPU.ActiveCfg = Debug|Any CPU
		{8FA17A0A-6445-4BE7-897A-41A57D076F5E}.Debug|Any CPU.Build.0 = Debug|Any CPU
		{8FA17A0A-6445-4BE7-897A-41A57D076F5E}.Debug|x86.ActiveCfg = Debug|Any CPU
		{8FA17A0A-6445-4BE7-897A-41A57D076F5E}.Debug|x86.Build.0 = Debug|Any CPU
		{8FA17A0A-6445-4BE7-897A-41A57D076F5E}.Release|Any CPU.ActiveCfg = Release|Any CPU
		{8FA17A0A-6445-4BE7-897A-41A57D076F5E}.Release|Any CPU.Build.0 = Release|Any CPU
		{8FA17A0A-6445-4BE7-897A-41A57D076F5E}.Release|x86.ActiveCfg = Release|Any CPU
		{8FA17A0A-6445-4BE7-897A-41A57D076F5E}.Release|x86.Build.0 = Release|Any CPU
		{622BE49F-F4F0-4C4A-8C2A-86592D9FDCBA}.Debug|Any CPU.ActiveCfg = Debug|Any CPU
		{622BE49F-F4F0-4C4A-8C2A-86592D9FDCBA}.Debug|Any CPU.Build.0 = Debug|Any CPU
		{622BE49F-F4F0-4C4A-8C2A-86592D9FDCBA}.Debug|x86.ActiveCfg = Debug|Any CPU
		{622BE49F-F4F0-4C4A-8C2A-86592D9FDCBA}.Debug|x86.Build.0 = Debug|Any CPU
		{622BE49F-F4F0-4C4A-8C2A-86592D9FDCBA}.Release|Any CPU.ActiveCfg = Release|Any CPU
		{622BE49F-F4F0-4C4A-8C2A-86592D9FDCBA}.Release|Any CPU.Build.0 = Release|Any CPU
		{622BE49F-F4F0-4C4A-8C2A-86592D9FDCBA}.Release|x86.ActiveCfg = Release|Any CPU
		{622BE49F-F4F0-4C4A-8C2A-86592D9FDCBA}.Release|x86.Build.0 = Release|Any CPU
	EndGlobalSection
	GlobalSection(SolutionProperties) = preSolution
		HideSolutionNode = FALSE
	EndGlobalSection
	GlobalSection(NestedProjects) = preSolution
		{8FA17A0A-6445-4BE7-897A-41A57D076F5E} = {70E94873-A58D-46FD-A4E9-086D6183E25B}
		{622BE49F-F4F0-4C4A-8C2A-86592D9FDCBA} = {70E94873-A58D-46FD-A4E9-086D6183E25B}
	EndGlobalSection
	GlobalSection(ExtensibilityGlobals) = postSolution
		SolutionGuid = {1BFF7A6A-CF60-4A5C-8B64-EA8D4D1927D8}
	EndGlobalSection
EndGlobal
